
Microsoft Visual Studio Solution File, Format Version 12.00
# Visual Studio Version 17
VisualStudioVersion = 17.11.35222.181
MinimumVisualStudioVersion = 10.0.40219.1
Project("{9A19103F-16F7-4668-BE54-9A1E7A4F7556}") = "BookOrder.API", "BookOrder.API\BookOrder.API.csproj", "{8DCA778E-9C24-40C9-9E73-179F3F74D75B}"
EndProject
Project("{9A19103F-16F7-4668-BE54-9A1E7A4F7556}") = "BookOrder.Data", "BookOrder.Data\BookOrder.Data.csproj", "{3ECA94ED-9F1E-4426-B0B6-1D7644FE845C}"
EndProject
Project("{9A19103F-16F7-4668-BE54-9A1E7A4F7556}") = "BookOrder.Business", "BookOrder.Business\BookOrder.Business.csproj", "{C3352A46-36E2-4466-8F7C-19F6825780E5}"
EndProject
Project("{9A19103F-16F7-4668-BE54-9A1E7A4F7556}") = "BookOrder.Helper", "BookOrder.Helper\BookOrder.Helper.csproj", "{D074E5A3-BF70-44FC-A9EE-1CC86E067A86}"
EndProject
Project("{9A19103F-16F7-4668-BE54-9A1E7A4F7556}") = "BookOrder.Test", "BookOrder.Test\BookOrder.Test.csproj", "{F2622950-D0B7-4B3F-B7EC-1812A4BC79A9}"
EndProject
Global
	GlobalSection(SolutionConfigurationPlatforms) = preSolution
		Debug|Any CPU = Debug|Any CPU
		Release|Any CPU = Release|Any CPU
	EndGlobalSection
	GlobalSection(ProjectConfigurationPlatforms) = postSolution
		{8DCA778E-9C24-40C9-9E73-179F3F74D75B}.Debug|Any CPU.ActiveCfg = Debug|Any CPU
		{8DCA778E-9C24-40C9-9E73-179F3F74D75B}.Debug|Any CPU.Build.0 = Debug|Any CPU
		{8DCA778E-9C24-40C9-9E73-179F3F74D75B}.Release|Any CPU.ActiveCfg = Release|Any CPU
		{8DCA778E-9C24-40C9-9E73-179F3F74D75B}.Release|Any CPU.Build.0 = Release|Any CPU
		{3ECA94ED-9F1E-4426-B0B6-1D7644FE845C}.Debug|Any CPU.ActiveCfg = Debug|Any CPU
		{3ECA94ED-9F1E-4426-B0B6-1D7644FE845C}.Debug|Any CPU.Build.0 = Debug|Any CPU
		{3ECA94ED-9F1E-4426-B0B6-1D7644FE845C}.Release|Any CPU.ActiveCfg = Release|Any CPU
		{3ECA94ED-9F1E-4426-B0B6-1D7644FE845C}.Release|Any CPU.Build.0 = Release|Any CPU
		{C3352A46-36E2-4466-8F7C-19F6825780E5}.Debug|Any CPU.ActiveCfg = Debug|Any CPU
		{C3352A46-36E2-4466-8F7C-19F6825780E5}.Debug|Any CPU.Build.0 = Debug|Any CPU
		{C3352A46-36E2-4466-8F7C-19F6825780E5}.Release|Any CPU.ActiveCfg = Release|Any CPU
		{C3352A46-36E2-4466-8F7C-19F6825780E5}.Release|Any CPU.Build.0 = Release|Any CPU
		{D074E5A3-BF70-44FC-A9EE-1CC86E067A86}.Debug|Any CPU.ActiveCfg = Debug|Any CPU
		{D074E5A3-BF70-44FC-A9EE-1CC86E067A86}.Debug|Any CPU.Build.0 = Debug|Any CPU
		{D074E5A3-BF70-44FC-A9EE-1CC86E067A86}.Release|Any CPU.ActiveCfg = Release|Any CPU
		{D074E5A3-BF70-44FC-A9EE-1CC86E067A86}.Release|Any CPU.Build.0 = Release|Any CPU
		{F2622950-D0B7-4B3F-B7EC-1812A4BC79A9}.Debug|Any CPU.ActiveCfg = Debug|Any CPU
		{F2622950-D0B7-4B3F-B7EC-1812A4BC79A9}.Debug|Any CPU.Build.0 = Debug|Any CPU
		{F2622950-D0B7-4B3F-B7EC-1812A4BC79A9}.Release|Any CPU.ActiveCfg = Release|Any CPU
		{F2622950-D0B7-4B3F-B7EC-1812A4BC79A9}.Release|Any CPU.Build.0 = Release|Any CPU
	EndGlobalSection
	GlobalSection(SolutionProperties) = preSolution
		HideSolutionNode = FALSE
	EndGlobalSection
	GlobalSection(ExtensibilityGlobals) = postSolution
		SolutionGuid = {46C01ECF-2DD3-443F-AFC3-0339AD77AB75}
	EndGlobalSection
EndGlobal
